
Microsoft Visual Studio Solution File, Format Version 12.00
# Visual Studio Version 16
VisualStudioVersion = 16.0.31911.196
MinimumVisualStudioVersion = 10.0.40219.1
Project("{FAE04EC0-301F-11D3-BF4B-00C04F79EFBC}") = "WebServiceTutorial.Android", "WebServiceTutorial\WebServiceTutorial.Android\WebServiceTutorial.Android.csproj", "{FE4EF8B2-730F-4AE7-A905-375EF1334E7D}"
EndProject
Project("{FAE04EC0-301F-11D3-BF4B-00C04F79EFBC}") = "WebServiceTutorial.iOS", "WebServiceTutorial\WebServiceTutorial.iOS\WebServiceTutorial.iOS.csproj", "{CDB896B6-CDAB-42F8-9F98-AD5D4C5858F2}"
EndProject
Project("{FAE04EC0-301F-11D3-BF4B-00C04F79EFBC}") = "WebServiceTutorial", "WebServiceTutorial\WebServiceTutorial\WebServiceTutorial.csproj", "{12C681EE-D356-4A1B-8A1B-C7CE842B2B4C}"
EndProject
Global
	GlobalSection(SolutionConfigurationPlatforms) = preSolution
		Debug|Any CPU = Debug|Any CPU
		Debug|iPhone = Debug|iPhone
		Debug|iPhoneSimulator = Debug|iPhoneSimulator
		Release|Any CPU = Release|Any CPU
		Release|iPhone = Release|iPhone
		Release|iPhoneSimulator = Release|iPhoneSimulator
	EndGlobalSection
	GlobalSection(ProjectConfigurationPlatforms) = postSolution
		{FE4EF8B2-730F-4AE7-A905-375EF1334E7D}.Debug|Any CPU.ActiveCfg = Debug|Any CPU
		{FE4EF8B2-730F-4AE7-A905-375EF1334E7D}.Debug|Any CPU.Build.0 = Debug|Any CPU
		{FE4EF8B2-730F-4AE7-A905-375EF1334E7D}.Debug|Any CPU.Deploy.0 = Debug|Any CPU
		{FE4EF8B2-730F-4AE7-A905-375EF1334E7D}.Debug|iPhone.ActiveCfg = Debug|Any CPU
		{FE4EF8B2-730F-4AE7-A905-375EF1334E7D}.Debug|iPhone.Build.0 = Debug|Any CPU
		{FE4EF8B2-730F-4AE7-A905-375EF1334E7D}.Debug|iPhone.Deploy.0 = Debug|Any CPU
		{FE4EF8B2-730F-4AE7-A905-375EF1334E7D}.Debug|iPhoneSimulator.ActiveCfg = Debug|Any CPU
		{FE4EF8B2-730F-4AE7-A905-375EF1334E7D}.Debug|iPhoneSimulator.Build.0 = Debug|Any CPU
		{FE4EF8B2-730F-4AE7-A905-375EF1334E7D}.Debug|iPhoneSimulator.Deploy.0 = Debug|Any CPU
		{FE4EF8B2-730F-4AE7-A905-375EF1334E7D}.Release|Any CPU.ActiveCfg = Release|Any CPU
		{FE4EF8B2-730F-4AE7-A905-375EF1334E7D}.Release|Any CPU.Build.0 = Release|Any CPU
		{FE4EF8B2-730F-4AE7-A905-375EF1334E7D}.Release|Any CPU.Deploy.0 = Release|Any CPU
		{FE4EF8B2-730F-4AE7-A905-375EF1334E7D}.Release|iPhone.ActiveCfg = Release|Any CPU
		{FE4EF8B2-730F-4AE7-A905-375EF1334E7D}.Release|iPhone.Build.0 = Release|Any CPU
		{FE4EF8B2-730F-4AE7-A905-375EF1334E7D}.Release|iPhone.Deploy.0 = Release|Any CPU
		{FE4EF8B2-730F-4AE7-A905-375EF1334E7D}.Release|iPhoneSimulator.ActiveCfg = Release|Any CPU
		{FE4EF8B2-730F-4AE7-A905-375EF1334E7D}.Release|iPhoneSimulator.Build.0 = Release|Any CPU
		{FE4EF8B2-730F-4AE7-A905-375EF1334E7D}.Release|iPhoneSimulator.Deploy.0 = Release|Any CPU
		{CDB896B6-CDAB-42F8-9F98-AD5D4C5858F2}.Debug|Any CPU.ActiveCfg = Debug|iPhone
		{CDB896B6-CDAB-42F8-9F98-AD5D4C5858F2}.Debug|Any CPU.Build.0 = Debug|iPhone
		{CDB896B6-CDAB-42F8-9F98-AD5D4C5858F2}.Debug|Any CPU.Deploy.0 = Debug|iPhone
		{CDB896B6-CDAB-42F8-9F98-AD5D4C5858F2}.Debug|iPhone.ActiveCfg = Debug|iPhone
		{CDB896B6-CDAB-42F8-9F98-AD5D4C5858F2}.Debug|iPhone.Build.0 = Debug|iPhone
		{CDB896B6-CDAB-42F8-9F98-AD5D4C5858F2}.Debug|iPhone.Deploy.0 = Debug|iPhone
		{CDB896B6-CDAB-42F8-9F98-AD5D4C5858F2}.Debug|iPhoneSimulator.ActiveCfg = Debug|iPhoneSimulator
		{CDB896B6-CDAB-42F8-9F98-AD5D4C5858F2}.Debug|iPhoneSimulator.Build.0 = Debug|iPhoneSimulator
		{CDB896B6-CDAB-42F8-9F98-AD5D4C5858F2}.Debug|iPhoneSimulator.Deploy.0 = Debug|iPhoneSimulator
		{CDB896B6-CDAB-42F8-9F98-AD5D4C5858F2}.Release|Any CPU.ActiveCfg = Release|iPhoneSimulator
		{CDB896B6-CDAB-42F8-9F98-AD5D4C5858F2}.Release|Any CPU.Build.0 = Release|iPhoneSimulator
		{CDB896B6-CDAB-42F8-9F98-AD5D4C5858F2}.Release|Any CPU.Deploy.0 = Release|iPhoneSimulator
		{CDB896B6-CDAB-42F8-9F98-AD5D4C5858F2}.Release|iPhone.ActiveCfg = Release|iPhone
		{CDB896B6-CDAB-42F8-9F98-AD5D4C5858F2}.Release|iPhone.Build.0 = Release|iPhone
		{CDB896B6-CDAB-42F8-9F98-AD5D4C5858F2}.Release|iPhone.Deploy.0 = Release|iPhone
		{CDB896B6-CDAB-42F8-9F98-AD5D4C5858F2}.Release|iPhoneSimulator.ActiveCfg = Release|iPhoneSimulator
		{CDB896B6-CDAB-42F8-9F98-AD5D4C5858F2}.Release|iPhoneSimulator.Build.0 = Release|iPhoneSimulator
		{CDB896B6-CDAB-42F8-9F98-AD5D4C5858F2}.Release|iPhoneSimulator.Deploy.0 = Release|iPhoneSimulator
		{12C681EE-D356-4A1B-8A1B-C7CE842B2B4C}.Debug|Any CPU.ActiveCfg = Debug|Any CPU
		{12C681EE-D356-4A1B-8A1B-C7CE842B2B4C}.Debug|Any CPU.Build.0 = Debug|Any CPU
		{12C681EE-D356-4A1B-8A1B-C7CE842B2B4C}.Debug|Any CPU.Deploy.0 = Debug|Any CPU
		{12C681EE-D356-4A1B-8A1B-C7CE842B2B4C}.Debug|iPhone.ActiveCfg = Debug|Any CPU
		{12C681EE-D356-4A1B-8A1B-C7CE842B2B4C}.Debug|iPhone.Build.0 = Debug|Any CPU
		{12C681EE-D356-4A1B-8A1B-C7CE842B2B4C}.Debug|iPhone.Deploy.0 = Debug|Any CPU
		{12C681EE-D356-4A1B-8A1B-C7CE842B2B4C}.Debug|iPhoneSimulator.ActiveCfg = Debug|Any CPU
		{12C681EE-D356-4A1B-8A1B-C7CE842B2B4C}.Debug|iPhoneSimulator.Build.0 = Debug|Any CPU
		{12C681EE-D356-4A1B-8A1B-C7CE842B2B4C}.Debug|iPhoneSimulator.Deploy.0 = Debug|Any CPU
		{12C681EE-D356-4A1B-8A1B-C7CE842B2B4C}.Release|Any CPU.ActiveCfg = Release|Any CPU
		{12C681EE-D356-4A1B-8A1B-C7CE842B2B4C}.Release|Any CPU.Build.0 = Release|Any CPU
		{12C681EE-D356-4A1B-8A1B-C7CE842B2B4C}.Release|Any CPU.Deploy.0 = Release|Any CPU
		{12C681EE-D356-4A1B-8A1B-C7CE842B2B4C}.Release|iPhone.ActiveCfg = Release|Any CPU
		{12C681EE-D356-4A1B-8A1B-C7CE842B2B4C}.Release|iPhone.Build.0 = Release|Any CPU
		{12C681EE-D356-4A1B-8A1B-C7CE842B2B4C}.Release|iPhone.Deploy.0 = Release|Any CPU
		{12C681EE-D356-4A1B-8A1B-C7CE842B2B4C}.Release|iPhoneSimulator.ActiveCfg = Release|Any CPU
		{12C681EE-D356-4A1B-8A1B-C7CE842B2B4C}.Release|iPhoneSimulator.Build.0 = Release|Any CPU
		{12C681EE-D356-4A1B-8A1B-C7CE842B2B4C}.Release|iPhoneSimulator.Deploy.0 = Release|Any CPU
	EndGlobalSection
	GlobalSection(SolutionProperties) = preSolution
		HideSolutionNode = FALSE
	EndGlobalSection
	GlobalSection(ExtensibilityGlobals) = postSolution
		SolutionGuid = {8C0E56FE-FFDD-4F35-A717-1603D4451ECE}
	EndGlobalSection
EndGlobal
